
Microsoft Visual Studio Solution File, Format Version 12.00
# Visual Studio Version 17
VisualStudioVersion = 17.14.36705.20 d17.14
MinimumVisualStudioVersion = 10.0.40219.1
Project("{FAE04EC0-301F-11D3-BF4B-00C04F79EFBC}") = "Csharp02", "Csharp02\Csharp02.csproj", "{BD26DA2B-0388-4E59-BB72-F79A1790DE2D}"
EndProject
Global
	GlobalSection(SolutionConfigurationPlatforms) = preSolution
		Debug|Any CPU = Debug|Any CPU
		Release|Any CPU = Release|Any CPU
	EndGlobalSection
	GlobalSection(ProjectConfigurationPlatforms) = postSolution
		{BD26DA2B-0388-4E59-BB72-F79A1790DE2D}.Debug|Any CPU.ActiveCfg = Debug|Any CPU
		{BD26DA2B-0388-4E59-BB72-F79A1790DE2D}.Debug|Any CPU.Build.0 = Debug|Any CPU
		{BD26DA2B-0388-4E59-BB72-F79A1790DE2D}.Release|Any CPU.ActiveCfg = Release|Any CPU
		{BD26DA2B-0388-4E59-BB72-F79A1790DE2D}.Release|Any CPU.Build.0 = Release|Any CPU
	EndGlobalSection
	GlobalSection(SolutionProperties) = preSolution
		HideSolutionNode = FALSE
	EndGlobalSection
	GlobalSection(ExtensibilityGlobals) = postSolution
		SolutionGuid = {B1186B94-5D25-4D74-BE4A-542E7291CC2A}
	EndGlobalSection
EndGlobal
